
Microsoft Visual Studio Solution File, Format Version 12.00
# Visual Studio 15
VisualStudioVersion = 15.0.27703.2026
MinimumVisualStudioVersion = 10.0.40219.1
Project("{9A19103F-16F7-4668-BE54-9A1E7A4F7556}") = "Bootstrap", "Bootstrap.csproj", "{CB68DD1D-DE9D-4565-87FD-9B0916525C06}"
EndProject
Project("{9A19103F-16F7-4668-BE54-9A1E7A4F7556}") = "KesselRun.MvcCore", "..\src\KesselRun.MvcCore\KesselRun.MvcCore.csproj", "{A486AACA-3FFE-4461-97FD-EC1937AF71C2}"
EndProject
Global
	GlobalSection(SolutionConfigurationPlatforms) = preSolution
		Debug|Any CPU = Debug|Any CPU
		Release|Any CPU = Release|Any CPU
	EndGlobalSection
	GlobalSection(ProjectConfigurationPlatforms) = postSolution
		{A486AACA-3FFE-4461-97FD-EC1937AF71C2}.Debug|Any CPU.ActiveCfg = Debug|Any CPU
		{A486AACA-3FFE-4461-97FD-EC1937AF71C2}.Debug|Any CPU.Build.0 = Debug|Any CPU
		{A486AACA-3FFE-4461-97FD-EC1937AF71C2}.Release|Any CPU.ActiveCfg = Release|Any CPU
		{A486AACA-3FFE-4461-97FD-EC1937AF71C2}.Release|Any CPU.Build.0 = Release|Any CPU
		{CB68DD1D-DE9D-4565-87FD-9B0916525C06}.Debug|Any CPU.ActiveCfg = Debug|Any CPU
		{CB68DD1D-DE9D-4565-87FD-9B0916525C06}.Debug|Any CPU.Build.0 = Debug|Any CPU
		{CB68DD1D-DE9D-4565-87FD-9B0916525C06}.Release|Any CPU.ActiveCfg = Release|Any CPU
		{CB68DD1D-DE9D-4565-87FD-9B0916525C06}.Release|Any CPU.Build.0 = Release|Any CPU
	EndGlobalSection
	GlobalSection(SolutionProperties) = preSolution
		HideSolutionNode = FALSE
	EndGlobalSection
	GlobalSection(ExtensibilityGlobals) = postSolution
		SolutionGuid = {391F9B9E-A5D1-418B-B63D-3ACCB13F2012}
	EndGlobalSection
EndGlobal
